
Microsoft Visual Studio Solution File, Format Version 12.00
# Visual Studio 2015
Project("{FAE04EC0-301F-11D3-BF4B-00C04F79EFBC}") = "UnityVS.Rain.CSharp", "UnityVS.Rain.CSharp.csproj", "{7CB65D2C-8CF0-9A9F-A966-5FC88BA47E1A}"
EndProject
Global
	GlobalSection(SolutionConfigurationPlatforms) = preSolution
		Debug|Any CPU = Debug|Any CPU
		Release|Any CPU = Release|Any CPU
	EndGlobalSection
	GlobalSection(ProjectConfigurationPlatforms) = postSolution
		{7CB65D2C-8CF0-9A9F-A966-5FC88BA47E1A}.Debug|Any CPU.ActiveCfg = Debug|Any CPU
		{7CB65D2C-8CF0-9A9F-A966-5FC88BA47E1A}.Debug|Any CPU.Build.0 = Debug|Any CPU
		{7CB65D2C-8CF0-9A9F-A966-5FC88BA47E1A}.Release|Any CPU.ActiveCfg = Release|Any CPU
		{7CB65D2C-8CF0-9A9F-A966-5FC88BA47E1A}.Release|Any CPU.Build.0 = Release|Any CPU
	EndGlobalSection
	GlobalSection(SolutionProperties) = preSolution
		HideSolutionNode = FALSE
	EndGlobalSection
EndGlobal
